
Microsoft Visual Studio Solution File, Format Version 12.00
# Visual Studio Version 16
VisualStudioVersion = 16.0.30717.126
MinimumVisualStudioVersion = 10.0.40219.1
Project("{888888A0-9F3D-457C-B088-3A5042F75D52}") = "time_series_demo_live", "time_series_demo_live\time_series_demo_live.pyproj", "{971DC03E-8A5A-431A-9379-C82624018E37}"
EndProject
Global
	GlobalSection(SolutionConfigurationPlatforms) = preSolution
		Debug|Any CPU = Debug|Any CPU
		Release|Any CPU = Release|Any CPU
	EndGlobalSection
	GlobalSection(ProjectConfigurationPlatforms) = postSolution
		{971DC03E-8A5A-431A-9379-C82624018E37}.Debug|Any CPU.ActiveCfg = Debug|Any CPU
		{971DC03E-8A5A-431A-9379-C82624018E37}.Release|Any CPU.ActiveCfg = Release|Any CPU
	EndGlobalSection
	GlobalSection(SolutionProperties) = preSolution
		HideSolutionNode = FALSE
	EndGlobalSection
	GlobalSection(ExtensibilityGlobals) = postSolution
		SolutionGuid = {F6AD232C-A270-4ED9-B092-C055ED367D08}
	EndGlobalSection
EndGlobal
